
Microsoft Visual Studio Solution File, Format Version 12.00
# Visual Studio 2013
VisualStudioVersion = 12.0.31101.0
MinimumVisualStudioVersion = 10.0.40219.1
Project("{FAE04EC0-301F-11D3-BF4B-00C04F79EFBC}") = "01.DeclareVariables", "01.DeclareVariables\01.DeclareVariables.csproj", "{D54DA2AE-087A-4EE0-9A71-AC313038EBA1}"
EndProject
Project("{FAE04EC0-301F-11D3-BF4B-00C04F79EFBC}") = "02.FloatOrDouble", "02.FloatOrDouble\02.FloatOrDouble.csproj", "{E747A5EF-E137-483C-B5F2-CADD5B590D65}"
EndProject
Project("{FAE04EC0-301F-11D3-BF4B-00C04F79EFBC}") = "03.HexadecimalValue", "03.HexadecimalValue\03.HexadecimalValue.csproj", "{D8C8011C-ACC9-4EB3-80DE-A996285A5BB7}"
EndProject
Project("{FAE04EC0-301F-11D3-BF4B-00C04F79EFBC}") = "04.UnicodeCharacter", "04.UnicodeCharacter\04.UnicodeCharacter.csproj", "{542F8F3F-7905-4D41-868B-4EA9B324E967}"
EndProject
Project("{FAE04EC0-301F-11D3-BF4B-00C04F79EFBC}") = "05.BooleanVariable", "05.BooleanVariable\05.BooleanVariable.csproj", "{A1591884-4F5C-46F6-9062-34C9E94B11D5}"
EndProject
Project("{FAE04EC0-301F-11D3-BF4B-00C04F79EFBC}") = "06.StringsAndObjects", "06.StringsAndObjects\06.StringsAndObjects.csproj", "{99580517-C612-4000-BDB7-52A3BE358EB2}"
EndProject
Project("{FAE04EC0-301F-11D3-BF4B-00C04F79EFBC}") = "07.QuotesInStrings", "07.QuotesInStrings\07.QuotesInStrings.csproj", "{FC0ABCE5-90A3-4BCA-9306-61DA212F1EBC}"
EndProject
Project("{FAE04EC0-301F-11D3-BF4B-00C04F79EFBC}") = "08.IsoscelesTriangle", "08.IsoscelesTriangle\08.IsoscelesTriangle.csproj", "{88B64855-88AA-4390-A6FD-186D0F8F94CF}"
EndProject
Project("{FAE04EC0-301F-11D3-BF4B-00C04F79EFBC}") = "09.ValueExchange", "09.ValueExchange\09.ValueExchange.csproj", "{D8AD3C49-1E34-4DDB-8132-381F1385B096}"
EndProject
Project("{FAE04EC0-301F-11D3-BF4B-00C04F79EFBC}") = "10.EmployeeData", "10.EmployeeData\10.EmployeeData.csproj", "{2789E56C-16AD-464C-82BE-33BF9669D981}"
EndProject
Project("{FAE04EC0-301F-11D3-BF4B-00C04F79EFBC}") = "11.BankAccountData", "11.BankAccountData\11.BankAccountData.csproj", "{0B924C01-0B55-46BA-BAE9-46B38A8F67D5}"
EndProject
Global
	GlobalSection(SolutionConfigurationPlatforms) = preSolution
		Debug|Any CPU = Debug|Any CPU
		Release|Any CPU = Release|Any CPU
	EndGlobalSection
	GlobalSection(ProjectConfigurationPlatforms) = postSolution
		{D54DA2AE-087A-4EE0-9A71-AC313038EBA1}.Debug|Any CPU.ActiveCfg = Debug|Any CPU
		{D54DA2AE-087A-4EE0-9A71-AC313038EBA1}.Debug|Any CPU.Build.0 = Debug|Any CPU
		{D54DA2AE-087A-4EE0-9A71-AC313038EBA1}.Release|Any CPU.ActiveCfg = Release|Any CPU
		{D54DA2AE-087A-4EE0-9A71-AC313038EBA1}.Release|Any CPU.Build.0 = Release|Any CPU
		{E747A5EF-E137-483C-B5F2-CADD5B590D65}.Debug|Any CPU.ActiveCfg = Debug|Any CPU
		{E747A5EF-E137-483C-B5F2-CADD5B590D65}.Debug|Any CPU.Build.0 = Debug|Any CPU
		{E747A5EF-E137-483C-B5F2-CADD5B590D65}.Release|Any CPU.ActiveCfg = Release|Any CPU
		{E747A5EF-E137-483C-B5F2-CADD5B590D65}.Release|Any CPU.Build.0 = Release|Any CPU
		{D8C8011C-ACC9-4EB3-80DE-A996285A5BB7}.Debug|Any CPU.ActiveCfg = Debug|Any CPU
		{D8C8011C-ACC9-4EB3-80DE-A996285A5BB7}.Debug|Any CPU.Build.0 = Debug|Any CPU
		{D8C8011C-ACC9-4EB3-80DE-A996285A5BB7}.Release|Any CPU.ActiveCfg = Release|Any CPU
		{D8C8011C-ACC9-4EB3-80DE-A996285A5BB7}.Release|Any CPU.Build.0 = Release|Any CPU
		{542F8F3F-7905-4D41-868B-4EA9B324E967}.Debug|Any CPU.ActiveCfg = Debug|Any CPU
		{542F8F3F-7905-4D41-868B-4EA9B324E967}.Debug|Any CPU.Build.0 = Debug|Any CPU
		{542F8F3F-7905-4D41-868B-4EA9B324E967}.Release|Any CPU.ActiveCfg = Release|Any CPU
		{542F8F3F-7905-4D41-868B-4EA9B324E967}.Release|Any CPU.Build.0 = Release|Any CPU
		{A1591884-4F5C-46F6-9062-34C9E94B11D5}.Debug|Any CPU.ActiveCfg = Debug|Any CPU
		{A1591884-4F5C-46F6-9062-34C9E94B11D5}.Debug|Any CPU.Build.0 = Debug|Any CPU
		{A1591884-4F5C-46F6-9062-34C9E94B11D5}.Release|Any CPU.ActiveCfg = Release|Any CPU
		{A1591884-4F5C-46F6-9062-34C9E94B11D5}.Release|Any CPU.Build.0 = Release|Any CPU
		{99580517-C612-4000-BDB7-52A3BE358EB2}.Debug|Any CPU.ActiveCfg = Debug|Any CPU
		{99580517-C612-4000-BDB7-52A3BE358EB2}.Debug|Any CPU.Build.0 = Debug|Any CPU
		{99580517-C612-4000-BDB7-52A3BE358EB2}.Release|Any CPU.ActiveCfg = Release|Any CPU
		{99580517-C612-4000-BDB7-52A3BE358EB2}.Release|Any CPU.Build.0 = Release|Any CPU
		{FC0ABCE5-90A3-4BCA-9306-61DA212F1EBC}.Debug|Any CPU.ActiveCfg = Debug|Any CPU
		{FC0ABCE5-90A3-4BCA-9306-61DA212F1EBC}.Debug|Any CPU.Build.0 = Debug|Any CPU
		{FC0ABCE5-90A3-4BCA-9306-61DA212F1EBC}.Release|Any CPU.ActiveCfg = Release|Any CPU
		{FC0ABCE5-90A3-4BCA-9306-61DA212F1EBC}.Release|Any CPU.Build.0 = Release|Any CPU
		{88B64855-88AA-4390-A6FD-186D0F8F94CF}.Debug|Any CPU.ActiveCfg = Debug|Any CPU
		{88B64855-88AA-4390-A6FD-186D0F8F94CF}.Debug|Any CPU.Build.0 = Debug|Any CPU
		{88B64855-88AA-4390-A6FD-186D0F8F94CF}.Release|Any CPU.ActiveCfg = Release|Any CPU
		{88B64855-88AA-4390-A6FD-186D0F8F94CF}.Release|Any CPU.Build.0 = Release|Any CPU
		{D8AD3C49-1E34-4DDB-8132-381F1385B096}.Debug|Any CPU.ActiveCfg = Debug|Any CPU
		{D8AD3C49-1E34-4DDB-8132-381F1385B096}.Debug|Any CPU.Build.0 = Debug|Any CPU
		{D8AD3C49-1E34-4DDB-8132-381F1385B096}.Release|Any CPU.ActiveCfg = Release|Any CPU
		{D8AD3C49-1E34-4DDB-8132-381F1385B096}.Release|Any CPU.Build.0 = Release|Any CPU
		{2789E56C-16AD-464C-82BE-33BF9669D981}.Debug|Any CPU.ActiveCfg = Debug|Any CPU
		{2789E56C-16AD-464C-82BE-33BF9669D981}.Debug|Any CPU.Build.0 = Debug|Any CPU
		{2789E56C-16AD-464C-82BE-33BF9669D981}.Release|Any CPU.ActiveCfg = Release|Any CPU
		{2789E56C-16AD-464C-82BE-33BF9669D981}.Release|Any CPU.Build.0 = Release|Any CPU
		{0B924C01-0B55-46BA-BAE9-46B38A8F67D5}.Debug|Any CPU.ActiveCfg = Debug|Any CPU
		{0B924C01-0B55-46BA-BAE9-46B38A8F67D5}.Debug|Any CPU.Build.0 = Debug|Any CPU
		{0B924C01-0B55-46BA-BAE9-46B38A8F67D5}.Release|Any CPU.ActiveCfg = Release|Any CPU
		{0B924C01-0B55-46BA-BAE9-46B38A8F67D5}.Release|Any CPU.Build.0 = Release|Any CPU
	EndGlobalSection
	GlobalSection(SolutionProperties) = preSolution
		HideSolutionNode = FALSE
	EndGlobalSection
EndGlobal
